// !$*UTF8*$!
{
	archiveVersion = 1;
	classes = {
	};
	objectVersion = 56;
	objects = {

/* Begin PBXBuildFile section */
		587437652AB20ED400802746 /* ViewController.swift in Sources */ = {isa = PBXBuildFile; fileRef = 5874375C2AB20ED400802746 /* ViewController.swift */; };
		587437662AB20ED400802746 /* Assets.xcassets in Resources */ = {isa = PBXBuildFile; fileRef = 5874375D2AB20ED400802746 /* Assets.xcassets */; };
		587437692AB20ED400802746 /* AppDelegate.swift in Sources */ = {isa = PBXBuildFile; fileRef = 587437622AB20ED400802746 /* AppDelegate.swift */; };
		587AEB962AB21E71008A392B /* AppCoordinator.swift in Sources */ = {isa = PBXBuildFile; fileRef = 587AEB952AB21E71008A392B /* AppCoordinator.swift */; };
		587AEB992AB22043008A392B /* Coordinator.swift in Sources */ = {isa = PBXBuildFile; fileRef = 587AEB982AB22043008A392B /* Coordinator.swift */; };
		587AEB9C2AB220A7008A392B /* GistsService.swift in Sources */ = {isa = PBXBuildFile; fileRef = 587AEB9B2AB220A7008A392B /* GistsService.swift */; };
		587AEB9E2AB22157008A392B /* Factory.swift in Sources */ = {isa = PBXBuildFile; fileRef = 587AEB9D2AB22157008A392B /* Factory.swift */; };
		587AEBA12AB221B9008A392B /* MainFactory.swift in Sources */ = {isa = PBXBuildFile; fileRef = 587AEBA02AB221B9008A392B /* MainFactory.swift */; };
		587AEBA32AB221EB008A392B /* BaseFactory.swift in Sources */ = {isa = PBXBuildFile; fileRef = 587AEBA22AB221EB008A392B /* BaseFactory.swift */; };
		587AEBA52AB22224008A392B /* Makeable.swift in Sources */ = {isa = PBXBuildFile; fileRef = 587AEBA42AB22224008A392B /* Makeable.swift */; };
		587AEBA72AB37DEF008A392B /* MainVC.swift in Sources */ = {isa = PBXBuildFile; fileRef = 587AEBA62AB37DEF008A392B /* MainVC.swift */; };
		587AEBA92AB37E11008A392B /* MainVM.swift in Sources */ = {isa = PBXBuildFile; fileRef = 587AEBA82AB37E11008A392B /* MainVM.swift */; };
		587AEBAB2AB37E4D008A392B /* Main.storyboard in Resources */ = {isa = PBXBuildFile; fileRef = 587AEBAA2AB37E4D008A392B /* Main.storyboard */; };
		587AEBAF2AB39FC0008A392B /* GistsListVC.swift in Sources */ = {isa = PBXBuildFile; fileRef = 587AEBAE2AB39FC0008A392B /* GistsListVC.swift */; };
		587AEBB12AB3A001008A392B /* GistsListVM.swift in Sources */ = {isa = PBXBuildFile; fileRef = 587AEBB02AB3A001008A392B /* GistsListVM.swift */; };
		587AEBB32AB3A0B1008A392B /* GistsList.storyboard in Resources */ = {isa = PBXBuildFile; fileRef = 587AEBB22AB3A0B1008A392B /* GistsList.storyboard */; };
/* End PBXBuildFile section */

/* Begin PBXFileReference section */
		587437422AB209C900802746 /* FinikTest.app */ = {isa = PBXFileReference; explicitFileType = wrapper.application; includeInIndex = 0; path = FinikTest.app; sourceTree = BUILT_PRODUCTS_DIR; };
		5874375C2AB20ED400802746 /* ViewController.swift */ = {isa = PBXFileReference; fileEncoding = 4; lastKnownFileType = sourcecode.swift; path = ViewController.swift; sourceTree = "<group>"; };
		5874375D2AB20ED400802746 /* Assets.xcassets */ = {isa = PBXFileReference; lastKnownFileType = folder.assetcatalog; path = Assets.xcassets; sourceTree = "<group>"; };
		587437622AB20ED400802746 /* AppDelegate.swift */ = {isa = PBXFileReference; fileEncoding = 4; lastKnownFileType = sourcecode.swift; path = AppDelegate.swift; sourceTree = "<group>"; };
		587437632AB20ED400802746 /* Info.plist */ = {isa = PBXFileReference; fileEncoding = 4; lastKnownFileType = text.plist.xml; path = Info.plist; sourceTree = "<group>"; };
		587AEB952AB21E71008A392B /* AppCoordinator.swift */ = {isa = PBXFileReference; lastKnownFileType = sourcecode.swift; path = AppCoordinator.swift; sourceTree = "<group>"; };
		587AEB982AB22043008A392B /* Coordinator.swift */ = {isa = PBXFileReference; lastKnownFileType = sourcecode.swift; path = Coordinator.swift; sourceTree = "<group>"; };
		587AEB9B2AB220A7008A392B /* GistsService.swift */ = {isa = PBXFileReference; lastKnownFileType = sourcecode.swift; path = GistsService.swift; sourceTree = "<group>"; };
		587AEB9D2AB22157008A392B /* Factory.swift */ = {isa = PBXFileReference; lastKnownFileType = sourcecode.swift; path = Factory.swift; sourceTree = "<group>"; };
		587AEBA02AB221B9008A392B /* MainFactory.swift */ = {isa = PBXFileReference; lastKnownFileType = sourcecode.swift; path = MainFactory.swift; sourceTree = "<group>"; };
		587AEBA22AB221EB008A392B /* BaseFactory.swift */ = {isa = PBXFileReference; lastKnownFileType = sourcecode.swift; path = BaseFactory.swift; sourceTree = "<group>"; };
		587AEBA42AB22224008A392B /* Makeable.swift */ = {isa = PBXFileReference; lastKnownFileType = sourcecode.swift; path = Makeable.swift; sourceTree = "<group>"; };
		587AEBA62AB37DEF008A392B /* MainVC.swift */ = {isa = PBXFileReference; lastKnownFileType = sourcecode.swift; path = MainVC.swift; sourceTree = "<group>"; };
		587AEBA82AB37E11008A392B /* MainVM.swift */ = {isa = PBXFileReference; lastKnownFileType = sourcecode.swift; path = MainVM.swift; sourceTree = "<group>"; };
		587AEBAA2AB37E4D008A392B /* Main.storyboard */ = {isa = PBXFileReference; lastKnownFileType = file.storyboard; path = Main.storyboard; sourceTree = "<group>"; };
		587AEBAE2AB39FC0008A392B /* GistsListVC.swift */ = {isa = PBXFileReference; lastKnownFileType = sourcecode.swift; path = GistsListVC.swift; sourceTree = "<group>"; };
		587AEBB02AB3A001008A392B /* GistsListVM.swift */ = {isa = PBXFileReference; lastKnownFileType = sourcecode.swift; path = GistsListVM.swift; sourceTree = "<group>"; };
		587AEBB22AB3A0B1008A392B /* GistsList.storyboard */ = {isa = PBXFileReference; lastKnownFileType = file.storyboard; path = GistsList.storyboard; sourceTree = "<group>"; };
/* End PBXFileReference section */

/* Begin PBXFrameworksBuildPhase section */
		5874373F2AB209C900802746 /* Frameworks */ = {
			isa = PBXFrameworksBuildPhase;
			buildActionMask = 2147483647;
			files = (
			);
			runOnlyForDeploymentPostprocessing = 0;
		};
/* End PBXFrameworksBuildPhase section */

/* Begin PBXGroup section */
		587437392AB209C800802746 = {
			isa = PBXGroup;
			children = (
				5874375B2AB20ED400802746 /* Application */,
				587437432AB209C900802746 /* Products */,
			);
			sourceTree = "<group>";
		};
		587437432AB209C900802746 /* Products */ = {
			isa = PBXGroup;
			children = (
				587437422AB209C900802746 /* FinikTest.app */,
			);
			name = Products;
			sourceTree = "<group>";
		};
		5874375B2AB20ED400802746 /* Application */ = {
			isa = PBXGroup;
			children = (
				587437622AB20ED400802746 /* AppDelegate.swift */,
				587AEB952AB21E71008A392B /* AppCoordinator.swift */,
				587AEBAC2AB39F77008A392B /* Modules */,
				587AEB9A2AB22073008A392B /* Services */,
				5874376C2AB20EE400802746 /* Resources */,
				587AEB972AB22026008A392B /* Base */,
				5874375C2AB20ED400802746 /* ViewController.swift */,
				587437632AB20ED400802746 /* Info.plist */,
			);
			path = Application;
			sourceTree = "<group>";
		};
		5874376C2AB20EE400802746 /* Resources */ = {
			isa = PBXGroup;
			children = (
				5874375D2AB20ED400802746 /* Assets.xcassets */,
			);
			path = Resources;
			sourceTree = "<group>";
		};
		587AEB972AB22026008A392B /* Base */ = {
			isa = PBXGroup;
			children = (
				587AEB982AB22043008A392B /* Coordinator.swift */,
				587AEB9D2AB22157008A392B /* Factory.swift */,
				587AEBA22AB221EB008A392B /* BaseFactory.swift */,
				587AEBA42AB22224008A392B /* Makeable.swift */,
			);
			path = Base;
			sourceTree = "<group>";
		};
		587AEB9A2AB22073008A392B /* Services */ = {
			isa = PBXGroup;
			children = (
				587AEB9B2AB220A7008A392B /* GistsService.swift */,
			);
			path = Services;
			sourceTree = "<group>";
		};
		587AEB9F2AB22191008A392B /* Main */ = {
			isa = PBXGroup;
			children = (
				587AEBA62AB37DEF008A392B /* MainVC.swift */,
				587AEBA82AB37E11008A392B /* MainVM.swift */,
				587AEBAA2AB37E4D008A392B /* Main.storyboard */,
				587AEBA02AB221B9008A392B /* MainFactory.swift */,
			);
			path = Main;
			sourceTree = "<group>";
		};
		587AEBAC2AB39F77008A392B /* Modules */ = {
			isa = PBXGroup;
			children = (
				587AEBAD2AB39F94008A392B /* GistsList */,
				587AEB9F2AB22191008A392B /* Main */,
			);
			path = Modules;
			sourceTree = "<group>";
		};
		587AEBAD2AB39F94008A392B /* GistsList */ = {
			isa = PBXGroup;
			children = (
				587AEBAE2AB39FC0008A392B /* GistsListVC.swift */,
				587AEBB02AB3A001008A392B /* GistsListVM.swift */,
				587AEBB22AB3A0B1008A392B /* GistsList.storyboard */,
			);
			path = GistsList;
			sourceTree = "<group>";
		};
/* End PBXGroup section */

/* Begin PBXNativeTarget section */
		587437412AB209C900802746 /* FinikTest */ = {
			isa = PBXNativeTarget;
			buildConfigurationList = 587437562AB209CC00802746 /* Build configuration list for PBXNativeTarget "FinikTest" */;
			buildPhases = (
				5874373E2AB209C900802746 /* Sources */,
				5874373F2AB209C900802746 /* Frameworks */,
				587437402AB209C900802746 /* Resources */,
			);
			buildRules = (
			);
			dependencies = (
			);
			name = FinikTest;
			productName = FinikTest;
			productReference = 587437422AB209C900802746 /* FinikTest.app */;
			productType = "com.apple.product-type.application";
		};
/* End PBXNativeTarget section */

/* Begin PBXProject section */
		5874373A2AB209C800802746 /* Project object */ = {
			isa = PBXProject;
			attributes = {
				BuildIndependentTargetsInParallel = 1;
				LastSwiftUpdateCheck = 1500;
				LastUpgradeCheck = 1500;
				TargetAttributes = {
					587437412AB209C900802746 = {
						CreatedOnToolsVersion = 15.0;
					};
				};
			};
			buildConfigurationList = 5874373D2AB209C800802746 /* Build configuration list for PBXProject "FinikTest" */;
			compatibilityVersion = "Xcode 14.0";
			developmentRegion = en;
			hasScannedForEncodings = 0;
			knownRegions = (
				en,
				Base,
			);
			mainGroup = 587437392AB209C800802746;
			productRefGroup = 587437432AB209C900802746 /* Products */;
			projectDirPath = "";
			projectRoot = "";
			targets = (
				587437412AB209C900802746 /* FinikTest */,
			);
		};
/* End PBXProject section */

/* Begin PBXResourcesBuildPhase section */
		587437402AB209C900802746 /* Resources */ = {
			isa = PBXResourcesBuildPhase;
			buildActionMask = 2147483647;
			files = (
				587437662AB20ED400802746 /* Assets.xcassets in Resources */,
				587AEBB32AB3A0B1008A392B /* GistsList.storyboard in Resources */,
				587AEBAB2AB37E4D008A392B /* Main.storyboard in Resources */,
			);
			runOnlyForDeploymentPostprocessing = 0;
		};
/* End PBXResourcesBuildPhase section */

/* Begin PBXSourcesBuildPhase section */
		5874373E2AB209C900802746 /* Sources */ = {
			isa = PBXSourcesBuildPhase;
			buildActionMask = 2147483647;
			files = (
				587AEB992AB22043008A392B /* Coordinator.swift in Sources */,
				587AEBA72AB37DEF008A392B /* MainVC.swift in Sources */,
				587AEB962AB21E71008A392B /* AppCoordinator.swift in Sources */,
				587AEBA12AB221B9008A392B /* MainFactory.swift in Sources */,
				587AEBA52AB22224008A392B /* Makeable.swift in Sources */,
				587AEB9E2AB22157008A392B /* Factory.swift in Sources */,
				587437692AB20ED400802746 /* AppDelegate.swift in Sources */,
				587AEBB12AB3A001008A392B /* GistsListVM.swift in Sources */,
				587AEBAF2AB39FC0008A392B /* GistsListVC.swift in Sources */,
				587AEBA92AB37E11008A392B /* MainVM.swift in Sources */,
				587437652AB20ED400802746 /* ViewController.swift in Sources */,
				587AEB9C2AB220A7008A392B /* GistsService.swift in Sources */,
				587AEBA32AB221EB008A392B /* BaseFactory.swift in Sources */,
			);
			runOnlyForDeploymentPostprocessing = 0;
		};
/* End PBXSourcesBuildPhase section */

/* Begin XCBuildConfiguration section */
		587437542AB209CC00802746 /* Debug */ = {
			isa = XCBuildConfiguration;
			buildSettings = {
				ALWAYS_SEARCH_USER_PATHS = NO;
				ASSETCATALOG_COMPILER_GENERATE_SWIFT_ASSET_SYMBOL_EXTENSIONS = YES;
				CLANG_ANALYZER_NONNULL = YES;
				CLANG_ANALYZER_NUMBER_OBJECT_CONVERSION = YES_AGGRESSIVE;
				CLANG_CXX_LANGUAGE_STANDARD = "gnu++20";
				CLANG_ENABLE_MODULES = YES;
				CLANG_ENABLE_OBJC_ARC = YES;
				CLANG_ENABLE_OBJC_WEAK = YES;
				CLANG_WARN_BLOCK_CAPTURE_AUTORELEASING = YES;
				CLANG_WARN_BOOL_CONVERSION = YES;
				CLANG_WARN_COMMA = YES;
				CLANG_WARN_CONSTANT_CONVERSION = YES;
				CLANG_WARN_DEPRECATED_OBJC_IMPLEMENTATIONS = YES;
				CLANG_WARN_DIRECT_OBJC_ISA_USAGE = YES_ERROR;
				CLANG_WARN_DOCUMENTATION_COMMENTS = YES;
				CLANG_WARN_EMPTY_BODY = YES;
				CLANG_WARN_ENUM_CONVERSION = YES;
				CLANG_WARN_INFINITE_RECURSION = YES;
				CLANG_WARN_INT_CONVERSION = YES;
				CLANG_WARN_NON_LITERAL_NULL_CONVERSION = YES;
				CLANG_WARN_OBJC_IMPLICIT_RETAIN_SELF = YES;
				CLANG_WARN_OBJC_LITERAL_CONVERSION = YES;
				CLANG_WARN_OBJC_ROOT_CLASS = YES_ERROR;
				CLANG_WARN_QUOTED_INCLUDE_IN_FRAMEWORK_HEADER = YES;
				CLANG_WARN_RANGE_LOOP_ANALYSIS = YES;
				CLANG_WARN_STRICT_PROTOTYPES = YES;
				CLANG_WARN_SUSPICIOUS_MOVE = YES;
				CLANG_WARN_UNGUARDED_AVAILABILITY = YES_AGGRESSIVE;
				CLANG_WARN_UNREACHABLE_CODE = YES;
				CLANG_WARN__DUPLICATE_METHOD_MATCH = YES;
				COPY_PHASE_STRIP = NO;
				DEBUG_INFORMATION_FORMAT = dwarf;
				ENABLE_STRICT_OBJC_MSGSEND = YES;
				ENABLE_TESTABILITY = YES;
				ENABLE_USER_SCRIPT_SANDBOXING = YES;
				GCC_C_LANGUAGE_STANDARD = gnu17;
				GCC_DYNAMIC_NO_PIC = NO;
				GCC_NO_COMMON_BLOCKS = YES;
				GCC_OPTIMIZATION_LEVEL = 0;
				GCC_PREPROCESSOR_DEFINITIONS = (
					"DEBUG=1",
					"$(inherited)",
				);
				GCC_WARN_64_TO_32_BIT_CONVERSION = YES;
				GCC_WARN_ABOUT_RETURN_TYPE = YES_ERROR;
				GCC_WARN_UNDECLARED_SELECTOR = YES;
				GCC_WARN_UNINITIALIZED_AUTOS = YES_AGGRESSIVE;
				GCC_WARN_UNUSED_FUNCTION = YES;
				GCC_WARN_UNUSED_VARIABLE = YES;
				IPHONEOS_DEPLOYMENT_TARGET = 17.0;
				LOCALIZATION_PREFERS_STRING_CATALOGS = YES;
				MTL_ENABLE_DEBUG_INFO = INCLUDE_SOURCE;
				MTL_FAST_MATH = YES;
				ONLY_ACTIVE_ARCH = YES;
				SDKROOT = iphoneos;
				SWIFT_ACTIVE_COMPILATION_CONDITIONS = "DEBUG $(inherited)";
				SWIFT_OPTIMIZATION_LEVEL = "-Onone";
			};
			name = Debug;
		};
		587437552AB209CC00802746 /* Release */ = {
			isa = XCBuildConfiguration;
			buildSettings = {
				ALWAYS_SEARCH_USER_PATHS = NO;
				ASSETCATALOG_COMPILER_GENERATE_SWIFT_ASSET_SYMBOL_EXTENSIONS = YES;
				CLANG_ANALYZER_NONNULL = YES;
				CLANG_ANALYZER_NUMBER_OBJECT_CONVERSION = YES_AGGRESSIVE;
				CLANG_CXX_LANGUAGE_STANDARD = "gnu++20";
				CLANG_ENABLE_MODULES = YES;
				CLANG_ENABLE_OBJC_ARC = YES;
				CLANG_ENABLE_OBJC_WEAK = YES;
				CLANG_WARN_BLOCK_CAPTURE_AUTORELEASING = YES;
				CLANG_WARN_BOOL_CONVERSION = YES;
				CLANG_WARN_COMMA = YES;
				CLANG_WARN_CONSTANT_CONVERSION = YES;
				CLANG_WARN_DEPRECATED_OBJC_IMPLEMENTATIONS = YES;
				CLANG_WARN_DIRECT_OBJC_ISA_USAGE = YES_ERROR;
				CLANG_WARN_DOCUMENTATION_COMMENTS = YES;
				CLANG_WARN_EMPTY_BODY = YES;
				CLANG_WARN_ENUM_CONVERSION = YES;
				CLANG_WARN_INFINITE_RECURSION = YES;
				CLANG_WARN_INT_CONVERSION = YES;
				CLANG_WARN_NON_LITERAL_NULL_CONVERSION = YES;
				CLANG_WARN_OBJC_IMPLICIT_RETAIN_SELF = YES;
				CLANG_WARN_OBJC_LITERAL_CONVERSION = YES;
				CLANG_WARN_OBJC_ROOT_CLASS = YES_ERROR;
				CLANG_WARN_QUOTED_INCLUDE_IN_FRAMEWORK_HEADER = YES;
				CLANG_WARN_RANGE_LOOP_ANALYSIS = YES;
				CLANG_WARN_STRICT_PROTOTYPES = YES;
				CLANG_WARN_SUSPICIOUS_MOVE = YES;
				CLANG_WARN_UNGUARDED_AVAILABILITY = YES_AGGRESSIVE;
				CLANG_WARN_UNREACHABLE_CODE = YES;
				CLANG_WARN__DUPLICATE_METHOD_MATCH = YES;
				COPY_PHASE_STRIP = NO;
				DEBUG_INFORMATION_FORMAT = "dwarf-with-dsym";
				ENABLE_NS_ASSERTIONS = NO;
				ENABLE_STRICT_OBJC_MSGSEND = YES;
				ENABLE_USER_SCRIPT_SANDBOXING = YES;
				GCC_C_LANGUAGE_STANDARD = gnu17;
				GCC_NO_COMMON_BLOCKS = YES;
				GCC_WARN_64_TO_32_BIT_CONVERSION = YES;
				GCC_WARN_ABOUT_RETURN_TYPE = YES_ERROR;
				GCC_WARN_UNDECLARED_SELECTOR = YES;
				GCC_WARN_UNINITIALIZED_AUTOS = YES_AGGRESSIVE;
				GCC_WARN_UNUSED_FUNCTION = YES;
				GCC_WARN_UNUSED_VARIABLE = YES;
				IPHONEOS_DEPLOYMENT_TARGET = 17.0;
				LOCALIZATION_PREFERS_STRING_CATALOGS = YES;
				MTL_ENABLE_DEBUG_INFO = NO;
				MTL_FAST_MATH = YES;
				SDKROOT = iphoneos;
				SWIFT_COMPILATION_MODE = wholemodule;
				VALIDATE_PRODUCT = YES;
			};
			name = Release;
		};
		587437572AB209CC00802746 /* Debug */ = {
			isa = XCBuildConfiguration;
			buildSettings = {
				ASSETCATALOG_COMPILER_APPICON_NAME = AppIcon;
				ASSETCATALOG_COMPILER_GLOBAL_ACCENT_COLOR_NAME = AccentColor;
				CODE_SIGN_STYLE = Automatic;
				CURRENT_PROJECT_VERSION = 1;
				DEVELOPMENT_TEAM = GSJ6GVH9B2;
				GENERATE_INFOPLIST_FILE = YES;
				INFOPLIST_FILE = Application/Info.plist;
				INFOPLIST_KEY_UIApplicationSupportsIndirectInputEvents = YES;
				INFOPLIST_KEY_UILaunchStoryboardName = LaunchScreen;
				INFOPLIST_KEY_UISupportedInterfaceOrientations_iPad = "UIInterfaceOrientationPortrait UIInterfaceOrientationPortraitUpsideDown UIInterfaceOrientationLandscapeLeft UIInterfaceOrientationLandscapeRight";
				INFOPLIST_KEY_UISupportedInterfaceOrientations_iPhone = "UIInterfaceOrientationPortrait UIInterfaceOrientationLandscapeLeft UIInterfaceOrientationLandscapeRight";
				IPHONEOS_DEPLOYMENT_TARGET = 15.0;
				LD_RUNPATH_SEARCH_PATHS = (
					"$(inherited)",
					"@executable_path/Frameworks",
				);
				MARKETING_VERSION = 1.0;
				PRODUCT_BUNDLE_IDENTIFIER = com.Diachenko.FinikTest;
				PRODUCT_NAME = "$(TARGET_NAME)";
				SWIFT_EMIT_LOC_STRINGS = YES;
				SWIFT_VERSION = 5.0;
				TARGETED_DEVICE_FAMILY = "1,2";
			};
			name = Debug;
		};
		587437582AB209CC00802746 /* Release */ = {
			isa = XCBuildConfiguration;
			buildSettings = {
				ASSETCATALOG_COMPILER_APPICON_NAME = AppIcon;
				ASSETCATALOG_COMPILER_GLOBAL_ACCENT_COLOR_NAME = AccentColor;
				CODE_SIGN_STYLE = Automatic;
				CURRENT_PROJECT_VERSION = 1;
				DEVELOPMENT_TEAM = GSJ6GVH9B2;
				GENERATE_INFOPLIST_FILE = YES;
				INFOPLIST_FILE = Application/Info.plist;
				INFOPLIST_KEY_UIApplicationSupportsIndirectInputEvents = YES;
				INFOPLIST_KEY_UILaunchStoryboardName = LaunchScreen;
				INFOPLIST_KEY_UISupportedInterfaceOrientations_iPad = "UIInterfaceOrientationPortrait UIInterfaceOrientationPortraitUpsideDown UIInterfaceOrientationLandscapeLeft UIInterfaceOrientationLandscapeRight";
				INFOPLIST_KEY_UISupportedInterfaceOrientations_iPhone = "UIInterfaceOrientationPortrait UIInterfaceOrientationLandscapeLeft UIInterfaceOrientationLandscapeRight";
				IPHONEOS_DEPLOYMENT_TARGET = 15.0;
				LD_RUNPATH_SEARCH_PATHS = (
					"$(inherited)",
					"@executable_path/Frameworks",
				);
				MARKETING_VERSION = 1.0;
				PRODUCT_BUNDLE_IDENTIFIER = com.Diachenko.FinikTest;
				PRODUCT_NAME = "$(TARGET_NAME)";
				SWIFT_EMIT_LOC_STRINGS = YES;
				SWIFT_VERSION = 5.0;
				TARGETED_DEVICE_FAMILY = "1,2";
			};
			name = Release;
		};
/* End XCBuildConfiguration section */

/* Begin XCConfigurationList section */
		5874373D2AB209C800802746 /* Build configuration list for PBXProject "FinikTest" */ = {
			isa = XCConfigurationList;
			buildConfigurations = (
				587437542AB209CC00802746 /* Debug */,
				587437552AB209CC00802746 /* Release */,
			);
			defaultConfigurationIsVisible = 0;
			defaultConfigurationName = Release;
		};
		587437562AB209CC00802746 /* Build configuration list for PBXNativeTarget "FinikTest" */ = {
			isa = XCConfigurationList;
			buildConfigurations = (
				587437572AB209CC00802746 /* Debug */,
				587437582AB209CC00802746 /* Release */,
			);
			defaultConfigurationIsVisible = 0;
			defaultConfigurationName = Release;
		};
/* End XCConfigurationList section */
	};
	rootObject = 5874373A2AB209C800802746 /* Project object */;
}
